
Microsoft Visual Studio Solution File, Format Version 12.00
# Visual Studio Version 16
VisualStudioVersion = 16.0.29613.14
MinimumVisualStudioVersion = 10.0.40219.1
Project("{8BC9CEB8-8B4A-11D0-8D11-00A0C91BC942}") = "game_project", "game_project\game_project.vcxproj", "{C024D942-D3C8-4E32-84D4-D6DA9B9E56AE}"
EndProject
Global
	GlobalSection(SolutionConfigurationPlatforms) = preSolution
		Debug|x64 = Debug|x64
		Debug|x86 = Debug|x86
		Release|x64 = Release|x64
		Release|x86 = Release|x86
	EndGlobalSection
	GlobalSection(ProjectConfigurationPlatforms) = postSolution
		{C024D942-D3C8-4E32-84D4-D6DA9B9E56AE}.Debug|x64.ActiveCfg = Debug|x64
		{C024D942-D3C8-4E32-84D4-D6DA9B9E56AE}.Debug|x64.Build.0 = Debug|x64
		{C024D942-D3C8-4E32-84D4-D6DA9B9E56AE}.Debug|x86.ActiveCfg = Debug|Win32
		{C024D942-D3C8-4E32-84D4-D6DA9B9E56AE}.Debug|x86.Build.0 = Debug|Win32
		{C024D942-D3C8-4E32-84D4-D6DA9B9E56AE}.Release|x64.ActiveCfg = Release|x64
		{C024D942-D3C8-4E32-84D4-D6DA9B9E56AE}.Release|x64.Build.0 = Release|x64
		{C024D942-D3C8-4E32-84D4-D6DA9B9E56AE}.Release|x86.ActiveCfg = Release|Win32
		{C024D942-D3C8-4E32-84D4-D6DA9B9E56AE}.Release|x86.Build.0 = Release|Win32
	EndGlobalSection
	GlobalSection(SolutionProperties) = preSolution
		HideSolutionNode = FALSE
	EndGlobalSection
	GlobalSection(ExtensibilityGlobals) = postSolution
		SolutionGuid = {CD26E144-B056-4039-B34F-B7C30D051CF0}
	EndGlobalSection
EndGlobal
